
Microsoft Visual Studio Solution File, Format Version 12.00
# Visual Studio 15
VisualStudioVersion = 15.0.28307.572
MinimumVisualStudioVersion = 10.0.40219.1
Project("{FAE04EC0-301F-11D3-BF4B-00C04F79EFBC}") = "ClientSide", "ClientSide\ClientSide.csproj", "{B1BE17AD-5D1F-4C75-84F3-3C8733281573}"
	ProjectSection(ProjectDependencies) = postProject
		{F9836AE0-8979-419B-BF49-4FA6D096D24E} = {F9836AE0-8979-419B-BF49-4FA6D096D24E}
	EndProjectSection
EndProject
Project("{FAE04EC0-301F-11D3-BF4B-00C04F79EFBC}") = "FoodService", "FoodService\FoodService.csproj", "{F9836AE0-8979-419B-BF49-4FA6D096D24E}"
EndProject
Global
	GlobalSection(SolutionConfigurationPlatforms) = preSolution
		Debug|Any CPU = Debug|Any CPU
		Release|Any CPU = Release|Any CPU
	EndGlobalSection
	GlobalSection(ProjectConfigurationPlatforms) = postSolution
		{B1BE17AD-5D1F-4C75-84F3-3C8733281573}.Debug|Any CPU.ActiveCfg = Debug|Any CPU
		{B1BE17AD-5D1F-4C75-84F3-3C8733281573}.Debug|Any CPU.Build.0 = Debug|Any CPU
		{B1BE17AD-5D1F-4C75-84F3-3C8733281573}.Release|Any CPU.ActiveCfg = Release|Any CPU
		{B1BE17AD-5D1F-4C75-84F3-3C8733281573}.Release|Any CPU.Build.0 = Release|Any CPU
		{F9836AE0-8979-419B-BF49-4FA6D096D24E}.Debug|Any CPU.ActiveCfg = Debug|Any CPU
		{F9836AE0-8979-419B-BF49-4FA6D096D24E}.Debug|Any CPU.Build.0 = Debug|Any CPU
		{F9836AE0-8979-419B-BF49-4FA6D096D24E}.Release|Any CPU.ActiveCfg = Release|Any CPU
		{F9836AE0-8979-419B-BF49-4FA6D096D24E}.Release|Any CPU.Build.0 = Release|Any CPU
	EndGlobalSection
	GlobalSection(SolutionProperties) = preSolution
		HideSolutionNode = FALSE
	EndGlobalSection
	GlobalSection(ExtensibilityGlobals) = postSolution
		SolutionGuid = {B9A5A292-7FD7-4076-B0B4-DCBA7A28207C}
	EndGlobalSection
EndGlobal
